
Microsoft Visual Studio Solution File, Format Version 11.00
# Visual Studio 2010
Project("{FAE04EC0-301F-11D3-BF4B-00C04F79EFBC}") = "DogBoarding", "DogBoarding\DogBoarding.csproj", "{59E1D8F8-4816-42A8-BFFA-67DECE4C2EFB}"
EndProject
Global
	GlobalSection(SolutionConfigurationPlatforms) = preSolution
		Debug|x86 = Debug|x86
		Release|x86 = Release|x86
	EndGlobalSection
	GlobalSection(ProjectConfigurationPlatforms) = postSolution
		{59E1D8F8-4816-42A8-BFFA-67DECE4C2EFB}.Debug|x86.ActiveCfg = Debug|x86
		{59E1D8F8-4816-42A8-BFFA-67DECE4C2EFB}.Debug|x86.Build.0 = Debug|x86
		{59E1D8F8-4816-42A8-BFFA-67DECE4C2EFB}.Release|x86.ActiveCfg = Release|x86
		{59E1D8F8-4816-42A8-BFFA-67DECE4C2EFB}.Release|x86.Build.0 = Release|x86
	EndGlobalSection
	GlobalSection(SolutionProperties) = preSolution
		HideSolutionNode = FALSE
	EndGlobalSection
EndGlobal
