
Microsoft Visual Studio Solution File, Format Version 11.00
# Visual Studio 2010
Project("{FAE04EC0-301F-11D3-BF4B-00C04F79EFBC}") = "FindSquareRoot", "FindSquareRoot\FindSquareRoot.csproj", "{7D0CC26A-2976-41FC-A44D-65521B2738AA}"
EndProject
Global
	GlobalSection(SolutionConfigurationPlatforms) = preSolution
		Debug|x86 = Debug|x86
		Release|x86 = Release|x86
	EndGlobalSection
	GlobalSection(ProjectConfigurationPlatforms) = postSolution
		{7D0CC26A-2976-41FC-A44D-65521B2738AA}.Debug|x86.ActiveCfg = Debug|x86
		{7D0CC26A-2976-41FC-A44D-65521B2738AA}.Debug|x86.Build.0 = Debug|x86
		{7D0CC26A-2976-41FC-A44D-65521B2738AA}.Release|x86.ActiveCfg = Release|x86
		{7D0CC26A-2976-41FC-A44D-65521B2738AA}.Release|x86.Build.0 = Release|x86
	EndGlobalSection
	GlobalSection(SolutionProperties) = preSolution
		HideSolutionNode = FALSE
	EndGlobalSection
EndGlobal
