
Microsoft Visual Studio Solution File, Format Version 11.00
# Visual Studio 2010
Project("{FAE04EC0-301F-11D3-BF4B-00C04F79EFBC}") = "CompareThreeNumbers", "ConsoleApplication1\CompareThreeNumbers.csproj", "{BEE48C60-C580-46AC-9F51-A2FB9092AB0C}"
EndProject
Global
	GlobalSection(SolutionConfigurationPlatforms) = preSolution
		Debug|x86 = Debug|x86
		Release|x86 = Release|x86
	EndGlobalSection
	GlobalSection(ProjectConfigurationPlatforms) = postSolution
		{BEE48C60-C580-46AC-9F51-A2FB9092AB0C}.Debug|x86.ActiveCfg = Debug|x86
		{BEE48C60-C580-46AC-9F51-A2FB9092AB0C}.Debug|x86.Build.0 = Debug|x86
		{BEE48C60-C580-46AC-9F51-A2FB9092AB0C}.Release|x86.ActiveCfg = Release|x86
		{BEE48C60-C580-46AC-9F51-A2FB9092AB0C}.Release|x86.Build.0 = Release|x86
	EndGlobalSection
	GlobalSection(SolutionProperties) = preSolution
		HideSolutionNode = FALSE
	EndGlobalSection
EndGlobal
